{
    "_readme": [
        "This file locks the dependencies of your project to a known state",
        "Read more about it at https://getcomposer.org/doc/01-basic-usage.md#installing-dependencies",
        "This file is @generated automatically"
    ],
    "content-hash": "f5ae9cff0198183124906e4db50e4aeb",
    "packages": [
        {
            "name": "djsoftnet/radioboss-php-api",
            "version": "1.0",
            "source": {
                "type": "git",
                "url": "https://github.com/djsoftnet/radioboss-php-api.git",
                "reference": "d8da484afbdea2905b321bd44613a38705a8109e"
            },
            "dist": {
                "type": "zip",
                "url": "https://api.github.com/repos/djsoftnet/radioboss-php-api/zipball/d8da484afbdea2905b321bd44613a38705a8109e",
                "reference": "d8da484afbdea2905b321bd44613a38705a8109e",
                "shasum": ""
            },
            "require": {
                "ext-json": "*",
                "ext-simplexml": "*",
                "php": "^7.2"
            },
            "type": "library",
            "autoload": {
                "psr-4": {
                    "RadioBoss\\": "src/",
                    "RadioBoss\\Exception\\": "src/exception",
                    "RadioBoss\\Object\\": "src/object",
                    "RadioBoss\\Util\\": "src/util"
                }
            },
            "notification-url": "https://packagist.org/downloads/",
            "license": [
                "MIT"
            ],
            "description": "API Wrapper for RadioBoss",
            "homepage": "https://github.com/djsoftnet/radioboss-php-api",
            "keywords": [
                "api",
                "radioboss"
            ],
            "time": "2020-08-16T13:10:30+00:00"
        }
    ],
    "packages-dev": [],
    "aliases": [],
    "minimum-stability": "stable",
    "stability-flags": [],
    "prefer-stable": false,
    "prefer-lowest": false,
    "platform": [],
    "platform-dev": [],
    "plugin-api-version": "1.1.0"
}
